
Microsoft Visual Studio Solution File, Format Version 12.00
# Visual Studio Version 16
VisualStudioVersion = 16.0.32802.440
MinimumVisualStudioVersion = 10.0.40219.1
Project("{FAE04EC0-301F-11D3-BF4B-00C04F79EFBC}") = "App20.UWP", "App20\App20.UWP\App20.UWP.csproj", "{8DABE222-F351-4274-A244-543F525EBBFF}"
EndProject
Project("{FAE04EC0-301F-11D3-BF4B-00C04F79EFBC}") = "App20.Android", "App20\App20.Android\App20.Android.csproj", "{C0EA121F-1481-41E6-A36E-4ADBB114A1D4}"
EndProject
Project("{FAE04EC0-301F-11D3-BF4B-00C04F79EFBC}") = "App20.iOS", "App20\App20.iOS\App20.iOS.csproj", "{45043536-8656-4971-AEED-E5572475ECAE}"
EndProject
Project("{FAE04EC0-301F-11D3-BF4B-00C04F79EFBC}") = "App20", "App20\App20\App20.csproj", "{D2E60259-2316-4A9F-AF3E-C6960AE74603}"
EndProject
Global
	GlobalSection(SolutionConfigurationPlatforms) = preSolution
		Debug|Any CPU = Debug|Any CPU
		Debug|ARM = Debug|ARM
		Debug|iPhone = Debug|iPhone
		Debug|iPhoneSimulator = Debug|iPhoneSimulator
		Debug|x64 = Debug|x64
		Debug|x86 = Debug|x86
		Release|Any CPU = Release|Any CPU
		Release|ARM = Release|ARM
		Release|iPhone = Release|iPhone
		Release|iPhoneSimulator = Release|iPhoneSimulator
		Release|x64 = Release|x64
		Release|x86 = Release|x86
	EndGlobalSection
	GlobalSection(ProjectConfigurationPlatforms) = postSolution
		{8DABE222-F351-4274-A244-543F525EBBFF}.Debug|Any CPU.ActiveCfg = Debug|x86
		{8DABE222-F351-4274-A244-543F525EBBFF}.Debug|Any CPU.Build.0 = Debug|x86
		{8DABE222-F351-4274-A244-543F525EBBFF}.Debug|Any CPU.Deploy.0 = Debug|x86
		{8DABE222-F351-4274-A244-543F525EBBFF}.Debug|ARM.ActiveCfg = Debug|ARM
		{8DABE222-F351-4274-A244-543F525EBBFF}.Debug|ARM.Build.0 = Debug|ARM
		{8DABE222-F351-4274-A244-543F525EBBFF}.Debug|ARM.Deploy.0 = Debug|ARM
		{8DABE222-F351-4274-A244-543F525EBBFF}.Debug|iPhone.ActiveCfg = Debug|x86
		{8DABE222-F351-4274-A244-543F525EBBFF}.Debug|iPhone.Build.0 = Debug|x86
		{8DABE222-F351-4274-A244-543F525EBBFF}.Debug|iPhone.Deploy.0 = Debug|x86
		{8DABE222-F351-4274-A244-543F525EBBFF}.Debug|iPhoneSimulator.ActiveCfg = Debug|x86
		{8DABE222-F351-4274-A244-543F525EBBFF}.Debug|iPhoneSimulator.Build.0 = Debug|x86
		{8DABE222-F351-4274-A244-543F525EBBFF}.Debug|iPhoneSimulator.Deploy.0 = Debug|x86
		{8DABE222-F351-4274-A244-543F525EBBFF}.Debug|x64.ActiveCfg = Debug|x64
		{8DABE222-F351-4274-A244-543F525EBBFF}.Debug|x64.Build.0 = Debug|x64
		{8DABE222-F351-4274-A244-543F525EBBFF}.Debug|x64.Deploy.0 = Debug|x64
		{8DABE222-F351-4274-A244-543F525EBBFF}.Debug|x86.ActiveCfg = Debug|x86
		{8DABE222-F351-4274-A244-543F525EBBFF}.Debug|x86.Build.0 = Debug|x86
		{8DABE222-F351-4274-A244-543F525EBBFF}.Debug|x86.Deploy.0 = Debug|x86
		{8DABE222-F351-4274-A244-543F525EBBFF}.Release|Any CPU.ActiveCfg = Release|x86
		{8DABE222-F351-4274-A244-543F525EBBFF}.Release|Any CPU.Build.0 = Release|x86
		{8DABE222-F351-4274-A244-543F525EBBFF}.Release|Any CPU.Deploy.0 = Release|x86
		{8DABE222-F351-4274-A244-543F525EBBFF}.Release|ARM.ActiveCfg = Release|ARM
		{8DABE222-F351-4274-A244-543F525EBBFF}.Release|ARM.Build.0 = Release|ARM
		{8DABE222-F351-4274-A244-543F525EBBFF}.Release|ARM.Deploy.0 = Release|ARM
		{8DABE222-F351-4274-A244-543F525EBBFF}.Release|iPhone.ActiveCfg = Release|x86
		{8DABE222-F351-4274-A244-543F525EBBFF}.Release|iPhone.Build.0 = Release|x86
		{8DABE222-F351-4274-A244-543F525EBBFF}.Release|iPhone.Deploy.0 = Release|x86
		{8DABE222-F351-4274-A244-543F525EBBFF}.Release|iPhoneSimulator.ActiveCfg = Release|x86
		{8DABE222-F351-4274-A244-543F525EBBFF}.Release|iPhoneSimulator.Build.0 = Release|x86
		{8DABE222-F351-4274-A244-543F525EBBFF}.Release|iPhoneSimulator.Deploy.0 = Release|x86
		{8DABE222-F351-4274-A244-543F525EBBFF}.Release|x64.ActiveCfg = Release|x64
		{8DABE222-F351-4274-A244-543F525EBBFF}.Release|x64.Build.0 = Release|x64
		{8DABE222-F351-4274-A244-543F525EBBFF}.Release|x64.Deploy.0 = Release|x64
		{8DABE222-F351-4274-A244-543F525EBBFF}.Release|x86.ActiveCfg = Release|x86
		{8DABE222-F351-4274-A244-543F525EBBFF}.Release|x86.Build.0 = Release|x86
		{8DABE222-F351-4274-A244-543F525EBBFF}.Release|x86.Deploy.0 = Release|x86
		{C0EA121F-1481-41E6-A36E-4ADBB114A1D4}.Debug|Any CPU.ActiveCfg = Debug|Any CPU
		{C0EA121F-1481-41E6-A36E-4ADBB114A1D4}.Debug|Any CPU.Build.0 = Debug|Any CPU
		{C0EA121F-1481-41E6-A36E-4ADBB114A1D4}.Debug|Any CPU.Deploy.0 = Debug|Any CPU
		{C0EA121F-1481-41E6-A36E-4ADBB114A1D4}.Debug|ARM.ActiveCfg = Debug|Any CPU
		{C0EA121F-1481-41E6-A36E-4ADBB114A1D4}.Debug|ARM.Build.0 = Debug|Any CPU
		{C0EA121F-1481-41E6-A36E-4ADBB114A1D4}.Debug|ARM.Deploy.0 = Debug|Any CPU
		{C0EA121F-1481-41E6-A36E-4ADBB114A1D4}.Debug|iPhone.ActiveCfg = Debug|Any CPU
		{C0EA121F-1481-41E6-A36E-4ADBB114A1D4}.Debug|iPhone.Build.0 = Debug|Any CPU
		{C0EA121F-1481-41E6-A36E-4ADBB114A1D4}.Debug|iPhone.Deploy.0 = Debug|Any CPU
		{C0EA121F-1481-41E6-A36E-4ADBB114A1D4}.Debug|iPhoneSimulator.ActiveCfg = Debug|Any CPU
		{C0EA121F-1481-41E6-A36E-4ADBB114A1D4}.Debug|iPhoneSimulator.Build.0 = Debug|Any CPU
		{C0EA121F-1481-41E6-A36E-4ADBB114A1D4}.Debug|iPhoneSimulator.Deploy.0 = Debug|Any CPU
		{C0EA121F-1481-41E6-A36E-4ADBB114A1D4}.Debug|x64.ActiveCfg = Debug|Any CPU
		{C0EA121F-1481-41E6-A36E-4ADBB114A1D4}.Debug|x64.Build.0 = Debug|Any CPU
		{C0EA121F-1481-41E6-A36E-4ADBB114A1D4}.Debug|x64.Deploy.0 = Debug|Any CPU
		{C0EA121F-1481-41E6-A36E-4ADBB114A1D4}.Debug|x86.ActiveCfg = Debug|Any CPU
		{C0EA121F-1481-41E6-A36E-4ADBB114A1D4}.Debug|x86.Build.0 = Debug|Any CPU
		{C0EA121F-1481-41E6-A36E-4ADBB114A1D4}.Debug|x86.Deploy.0 = Debug|Any CPU
		{C0EA121F-1481-41E6-A36E-4ADBB114A1D4}.Release|Any CPU.ActiveCfg = Release|Any CPU
		{C0EA121F-1481-41E6-A36E-4ADBB114A1D4}.Release|Any CPU.Build.0 = Release|Any CPU
		{C0EA121F-1481-41E6-A36E-4ADBB114A1D4}.Release|Any CPU.Deploy.0 = Release|Any CPU
		{C0EA121F-1481-41E6-A36E-4ADBB114A1D4}.Release|ARM.ActiveCfg = Release|Any CPU
		{C0EA121F-1481-41E6-A36E-4ADBB114A1D4}.Release|ARM.Build.0 = Release|Any CPU
		{C0EA121F-1481-41E6-A36E-4ADBB114A1D4}.Release|ARM.Deploy.0 = Release|Any CPU
		{C0EA121F-1481-41E6-A36E-4ADBB114A1D4}.Release|iPhone.ActiveCfg = Release|Any CPU
		{C0EA121F-1481-41E6-A36E-4ADBB114A1D4}.Release|iPhone.Build.0 = Release|Any CPU
		{C0EA121F-1481-41E6-A36E-4ADBB114A1D4}.Release|iPhone.Deploy.0 = Release|Any CPU
		{C0EA121F-1481-41E6-A36E-4ADBB114A1D4}.Release|iPhoneSimulator.ActiveCfg = Release|Any CPU
		{C0EA121F-1481-41E6-A36E-4ADBB114A1D4}.Release|iPhoneSimulator.Build.0 = Release|Any CPU
		{C0EA121F-1481-41E6-A36E-4ADBB114A1D4}.Release|iPhoneSimulator.Deploy.0 = Release|Any CPU
		{C0EA121F-1481-41E6-A36E-4ADBB114A1D4}.Release|x64.ActiveCfg = Release|Any CPU
		{C0EA121F-1481-41E6-A36E-4ADBB114A1D4}.Release|x64.Build.0 = Release|Any CPU
		{C0EA121F-1481-41E6-A36E-4ADBB114A1D4}.Release|x64.Deploy.0 = Release|Any CPU
		{C0EA121F-1481-41E6-A36E-4ADBB114A1D4}.Release|x86.ActiveCfg = Release|Any CPU
		{C0EA121F-1481-41E6-A36E-4ADBB114A1D4}.Release|x86.Build.0 = Release|Any CPU
		{C0EA121F-1481-41E6-A36E-4ADBB114A1D4}.Release|x86.Deploy.0 = Release|Any CPU
		{45043536-8656-4971-AEED-E5572475ECAE}.Debug|Any CPU.ActiveCfg = Debug|iPhoneSimulator
		{45043536-8656-4971-AEED-E5572475ECAE}.Debug|Any CPU.Build.0 = Debug|iPhoneSimulator
		{45043536-8656-4971-AEED-E5572475ECAE}.Debug|Any CPU.Deploy.0 = Debug|iPhoneSimulator
		{45043536-8656-4971-AEED-E5572475ECAE}.Debug|ARM.ActiveCfg = Debug|iPhone
		{45043536-8656-4971-AEED-E5572475ECAE}.Debug|ARM.Build.0 = Debug|iPhone
		{45043536-8656-4971-AEED-E5572475ECAE}.Debug|ARM.Deploy.0 = Debug|iPhone
		{45043536-8656-4971-AEED-E5572475ECAE}.Debug|iPhone.ActiveCfg = Debug|iPhone
		{45043536-8656-4971-AEED-E5572475ECAE}.Debug|iPhone.Build.0 = Debug|iPhone
		{45043536-8656-4971-AEED-E5572475ECAE}.Debug|iPhone.Deploy.0 = Debug|iPhone
		{45043536-8656-4971-AEED-E5572475ECAE}.Debug|iPhoneSimulator.ActiveCfg = Debug|iPhoneSimulator
		{45043536-8656-4971-AEED-E5572475ECAE}.Debug|iPhoneSimulator.Build.0 = Debug|iPhoneSimulator
		{45043536-8656-4971-AEED-E5572475ECAE}.Debug|iPhoneSimulator.Deploy.0 = Debug|iPhoneSimulator
		{45043536-8656-4971-AEED-E5572475ECAE}.Debug|x64.ActiveCfg = Debug|iPhoneSimulator
		{45043536-8656-4971-AEED-E5572475ECAE}.Debug|x64.Build.0 = Debug|iPhoneSimulator
		{45043536-8656-4971-AEED-E5572475ECAE}.Debug|x64.Deploy.0 = Debug|iPhoneSimulator
		{45043536-8656-4971-AEED-E5572475ECAE}.Debug|x86.ActiveCfg = Debug|iPhoneSimulator
		{45043536-8656-4971-AEED-E5572475ECAE}.Debug|x86.Build.0 = Debug|iPhoneSimulator
		{45043536-8656-4971-AEED-E5572475ECAE}.Debug|x86.Deploy.0 = Debug|iPhoneSimulator
		{45043536-8656-4971-AEED-E5572475ECAE}.Release|Any CPU.ActiveCfg = Release|iPhoneSimulator
		{45043536-8656-4971-AEED-E5572475ECAE}.Release|Any CPU.Build.0 = Release|iPhoneSimulator
		{45043536-8656-4971-AEED-E5572475ECAE}.Release|Any CPU.Deploy.0 = Release|iPhoneSimulator
		{45043536-8656-4971-AEED-E5572475ECAE}.Release|ARM.ActiveCfg = Release|iPhoneSimulator
		{45043536-8656-4971-AEED-E5572475ECAE}.Release|ARM.Build.0 = Release|iPhoneSimulator
		{45043536-8656-4971-AEED-E5572475ECAE}.Release|ARM.Deploy.0 = Release|iPhoneSimulator
		{45043536-8656-4971-AEED-E5572475ECAE}.Release|iPhone.ActiveCfg = Release|iPhone
		{45043536-8656-4971-AEED-E5572475ECAE}.Release|iPhone.Build.0 = Release|iPhone
		{45043536-8656-4971-AEED-E5572475ECAE}.Release|iPhone.Deploy.0 = Release|iPhone
		{45043536-8656-4971-AEED-E5572475ECAE}.Release|iPhoneSimulator.ActiveCfg = Release|iPhoneSimulator
		{45043536-8656-4971-AEED-E5572475ECAE}.Release|iPhoneSimulator.Build.0 = Release|iPhoneSimulator
		{45043536-8656-4971-AEED-E5572475ECAE}.Release|iPhoneSimulator.Deploy.0 = Release|iPhoneSimulator
		{45043536-8656-4971-AEED-E5572475ECAE}.Release|x64.ActiveCfg = Release|iPhoneSimulator
		{45043536-8656-4971-AEED-E5572475ECAE}.Release|x64.Build.0 = Release|iPhoneSimulator
		{45043536-8656-4971-AEED-E5572475ECAE}.Release|x64.Deploy.0 = Release|iPhoneSimulator
		{45043536-8656-4971-AEED-E5572475ECAE}.Release|x86.ActiveCfg = Release|iPhoneSimulator
		{45043536-8656-4971-AEED-E5572475ECAE}.Release|x86.Build.0 = Release|iPhoneSimulator
		{45043536-8656-4971-AEED-E5572475ECAE}.Release|x86.Deploy.0 = Release|iPhoneSimulator
		{D2E60259-2316-4A9F-AF3E-C6960AE74603}.Debug|Any CPU.ActiveCfg = Debug|Any CPU
		{D2E60259-2316-4A9F-AF3E-C6960AE74603}.Debug|Any CPU.Build.0 = Debug|Any CPU
		{D2E60259-2316-4A9F-AF3E-C6960AE74603}.Debug|Any CPU.Deploy.0 = Debug|Any CPU
		{D2E60259-2316-4A9F-AF3E-C6960AE74603}.Debug|ARM.ActiveCfg = Debug|Any CPU
		{D2E60259-2316-4A9F-AF3E-C6960AE74603}.Debug|ARM.Build.0 = Debug|Any CPU
		{D2E60259-2316-4A9F-AF3E-C6960AE74603}.Debug|ARM.Deploy.0 = Debug|Any CPU
		{D2E60259-2316-4A9F-AF3E-C6960AE74603}.Debug|iPhone.ActiveCfg = Debug|Any CPU
		{D2E60259-2316-4A9F-AF3E-C6960AE74603}.Debug|iPhone.Build.0 = Debug|Any CPU
		{D2E60259-2316-4A9F-AF3E-C6960AE74603}.Debug|iPhone.Deploy.0 = Debug|Any CPU
		{D2E60259-2316-4A9F-AF3E-C6960AE74603}.Debug|iPhoneSimulator.ActiveCfg = Debug|Any CPU
		{D2E60259-2316-4A9F-AF3E-C6960AE74603}.Debug|iPhoneSimulator.Build.0 = Debug|Any CPU
		{D2E60259-2316-4A9F-AF3E-C6960AE74603}.Debug|iPhoneSimulator.Deploy.0 = Debug|Any CPU
		{D2E60259-2316-4A9F-AF3E-C6960AE74603}.Debug|x64.ActiveCfg = Debug|Any CPU
		{D2E60259-2316-4A9F-AF3E-C6960AE74603}.Debug|x64.Build.0 = Debug|Any CPU
		{D2E60259-2316-4A9F-AF3E-C6960AE74603}.Debug|x64.Deploy.0 = Debug|Any CPU
		{D2E60259-2316-4A9F-AF3E-C6960AE74603}.Debug|x86.ActiveCfg = Debug|Any CPU
		{D2E60259-2316-4A9F-AF3E-C6960AE74603}.Debug|x86.Build.0 = Debug|Any CPU
		{D2E60259-2316-4A9F-AF3E-C6960AE74603}.Debug|x86.Deploy.0 = Debug|Any CPU
		{D2E60259-2316-4A9F-AF3E-C6960AE74603}.Release|Any CPU.ActiveCfg = Release|Any CPU
		{D2E60259-2316-4A9F-AF3E-C6960AE74603}.Release|Any CPU.Build.0 = Release|Any CPU
		{D2E60259-2316-4A9F-AF3E-C6960AE74603}.Release|Any CPU.Deploy.0 = Release|Any CPU
		{D2E60259-2316-4A9F-AF3E-C6960AE74603}.Release|ARM.ActiveCfg = Release|Any CPU
		{D2E60259-2316-4A9F-AF3E-C6960AE74603}.Release|ARM.Build.0 = Release|Any CPU
		{D2E60259-2316-4A9F-AF3E-C6960AE74603}.Release|ARM.Deploy.0 = Release|Any CPU
		{D2E60259-2316-4A9F-AF3E-C6960AE74603}.Release|iPhone.ActiveCfg = Release|Any CPU
		{D2E60259-2316-4A9F-AF3E-C6960AE74603}.Release|iPhone.Build.0 = Release|Any CPU
		{D2E60259-2316-4A9F-AF3E-C6960AE74603}.Release|iPhone.Deploy.0 = Release|Any CPU
		{D2E60259-2316-4A9F-AF3E-C6960AE74603}.Release|iPhoneSimulator.ActiveCfg = Release|Any CPU
		{D2E60259-2316-4A9F-AF3E-C6960AE74603}.Release|iPhoneSimulator.Build.0 = Release|Any CPU
		{D2E60259-2316-4A9F-AF3E-C6960AE74603}.Release|iPhoneSimulator.Deploy.0 = Release|Any CPU
		{D2E60259-2316-4A9F-AF3E-C6960AE74603}.Release|x64.ActiveCfg = Release|Any CPU
		{D2E60259-2316-4A9F-AF3E-C6960AE74603}.Release|x64.Build.0 = Release|Any CPU
		{D2E60259-2316-4A9F-AF3E-C6960AE74603}.Release|x64.Deploy.0 = Release|Any CPU
		{D2E60259-2316-4A9F-AF3E-C6960AE74603}.Release|x86.ActiveCfg = Release|Any CPU
		{D2E60259-2316-4A9F-AF3E-C6960AE74603}.Release|x86.Build.0 = Release|Any CPU
		{D2E60259-2316-4A9F-AF3E-C6960AE74603}.Release|x86.Deploy.0 = Release|Any CPU
	EndGlobalSection
	GlobalSection(SolutionProperties) = preSolution
		HideSolutionNode = FALSE
	EndGlobalSection
	GlobalSection(ExtensibilityGlobals) = postSolution
		SolutionGuid = {CCB51CA0-64D9-438D-8122-623B39494765}
	EndGlobalSection
EndGlobal
